
Microsoft Visual Studio Solution File, Format Version 12.00
# Visual Studio 15
VisualStudioVersion = 15.0.27004.2005
MinimumVisualStudioVersion = 10.0.40219.1
Project("{FAE04EC0-301F-11D3-BF4B-00C04F79EFBC}") = "RuskinDantra.Extensions", "RuskinDantra.Extensions\RuskinDantra.Extensions.csproj", "{8D2BD655-4BB9-4DFD-BBE1-8E824A876D74}"
EndProject
Project("{FAE04EC0-301F-11D3-BF4B-00C04F79EFBC}") = "RuskinDantra.Extensions.UnitTests", "RuskinDantra.Extensions.UnitTests\RuskinDantra.Extensions.UnitTests.csproj", "{0C900A12-225A-416F-AC1E-56FA0C1973FF}"
EndProject
Global
	GlobalSection(SolutionConfigurationPlatforms) = preSolution
		Debug|Any CPU = Debug|Any CPU
		Release|Any CPU = Release|Any CPU
	EndGlobalSection
	GlobalSection(ProjectConfigurationPlatforms) = postSolution
		{8D2BD655-4BB9-4DFD-BBE1-8E824A876D74}.Debug|Any CPU.ActiveCfg = Debug|Any CPU
		{8D2BD655-4BB9-4DFD-BBE1-8E824A876D74}.Debug|Any CPU.Build.0 = Debug|Any CPU
		{8D2BD655-4BB9-4DFD-BBE1-8E824A876D74}.Release|Any CPU.ActiveCfg = Release|Any CPU
		{8D2BD655-4BB9-4DFD-BBE1-8E824A876D74}.Release|Any CPU.Build.0 = Release|Any CPU
		{0C900A12-225A-416F-AC1E-56FA0C1973FF}.Debug|Any CPU.ActiveCfg = Debug|Any CPU
		{0C900A12-225A-416F-AC1E-56FA0C1973FF}.Debug|Any CPU.Build.0 = Debug|Any CPU
		{0C900A12-225A-416F-AC1E-56FA0C1973FF}.Release|Any CPU.ActiveCfg = Release|Any CPU
		{0C900A12-225A-416F-AC1E-56FA0C1973FF}.Release|Any CPU.Build.0 = Release|Any CPU
	EndGlobalSection
	GlobalSection(SolutionProperties) = preSolution
		HideSolutionNode = FALSE
	EndGlobalSection
	GlobalSection(ExtensibilityGlobals) = postSolution
		SolutionGuid = {16BABD7D-781C-4C51-8848-C656EB8B9E86}
	EndGlobalSection
EndGlobal
